
Microsoft Visual Studio Solution File, Format Version 12.00
# Visual Studio 2013
VisualStudioVersion = 12.0.21005.1
MinimumVisualStudioVersion = 10.0.40219.1
Project("{2150E333-8FDC-42A3-9474-1A3956D46DE8}") = "Interface", "Interface", "{DE1D3D40-BF23-48DF-80AC-4515BB11105D}"
EndProject
Project("{2150E333-8FDC-42A3-9474-1A3956D46DE8}") = "Implement", "Implement", "{8059693A-BC64-45BA-86BE-E5434678B511}"
EndProject
Project("{FAE04EC0-301F-11D3-BF4B-00C04F79EFBC}") = "ShopNC.Entity", "ShopNC.Entity\ShopNC.Entity.csproj", "{4680D8D5-B3E4-4C5B-9F70-CF24B8CBCAD6}"
EndProject
Project("{FAE04EC0-301F-11D3-BF4B-00C04F79EFBC}") = "ShopNC.Repository", "ShopNC.Repository\ShopNC.Repository.csproj", "{7B75121A-B3A1-4D83-97AC-744A6C870D54}"
	ProjectSection(ProjectDependencies) = postProject
		{C58EFAD2-B203-4CD0-A4E6-7081CF3508F3} = {C58EFAD2-B203-4CD0-A4E6-7081CF3508F3}
	EndProjectSection
EndProject
Project("{FAE04EC0-301F-11D3-BF4B-00C04F79EFBC}") = "ShopNC.Service", "ShopNC.Service\ShopNC.Service.csproj", "{92A2CFED-4342-43C0-9ACE-A6855B818F78}"
	ProjectSection(ProjectDependencies) = postProject
		{68566E76-77D9-4BC1-B306-8EA1D8E247CA} = {68566E76-77D9-4BC1-B306-8EA1D8E247CA}
		{C58EFAD2-B203-4CD0-A4E6-7081CF3508F3} = {C58EFAD2-B203-4CD0-A4E6-7081CF3508F3}
	EndProjectSection
EndProject
Project("{FAE04EC0-301F-11D3-BF4B-00C04F79EFBC}") = "ShopNC.IRepository", "ShopNC.IRepository\ShopNC.IRepository.csproj", "{B6C16C34-E489-45B8-8A7A-BA4CC8610664}"
	ProjectSection(ProjectDependencies) = postProject
		{C58EFAD2-B203-4CD0-A4E6-7081CF3508F3} = {C58EFAD2-B203-4CD0-A4E6-7081CF3508F3}
	EndProjectSection
EndProject
Project("{FAE04EC0-301F-11D3-BF4B-00C04F79EFBC}") = "ShopNC.IService", "ShopNC.IService\ShopNC.IService.csproj", "{BBC3B163-B380-4105-B414-87548A756E5D}"
	ProjectSection(ProjectDependencies) = postProject
		{7B75121A-B3A1-4D83-97AC-744A6C870D54} = {7B75121A-B3A1-4D83-97AC-744A6C870D54}
		{68566E76-77D9-4BC1-B306-8EA1D8E247CA} = {68566E76-77D9-4BC1-B306-8EA1D8E247CA}
		{C58EFAD2-B203-4CD0-A4E6-7081CF3508F3} = {C58EFAD2-B203-4CD0-A4E6-7081CF3508F3}
	EndProjectSection
EndProject
Project("{FAE04EC0-301F-11D3-BF4B-00C04F79EFBC}") = "ShopNC.Common", "ShopNC.Common\ShopNC.Common.csproj", "{C58EFAD2-B203-4CD0-A4E6-7081CF3508F3}"
EndProject
Project("{FAE04EC0-301F-11D3-BF4B-00C04F79EFBC}") = "ShopNC.RepositoryTests", "ShopNC.RepositoryTests\ShopNC.RepositoryTests.csproj", "{6D124F33-A349-4436-9EA4-E0BF766BF83B}"
EndProject
Project("{2150E333-8FDC-42A3-9474-1A3956D46DE8}") = "Test", "Test", "{EE4B5EC1-5E57-4A57-A682-E0A7EA3BFBF1}"
EndProject
Project("{FAE04EC0-301F-11D3-BF4B-00C04F79EFBC}") = "ShopNCTest", "ShopNCTest\ShopNCTest.csproj", "{1ABDB460-C989-4495-AAAF-8CC4FFB96A49}"
EndProject
Project("{FAE04EC0-301F-11D3-BF4B-00C04F79EFBC}") = "ShopNC.DTO", "ShopNC.DTO\ShopNC.DTO.csproj", "{68566E76-77D9-4BC1-B306-8EA1D8E247CA}"
EndProject
Project("{FAE04EC0-301F-11D3-BF4B-00C04F79EFBC}") = "ShopNC.ServiceTests", "ShopNC.ServiceTests\ShopNC.ServiceTests.csproj", "{9B9062AC-02E0-4A02-BC43-B028E7540515}"
EndProject
Project("{FAE04EC0-301F-11D3-BF4B-00C04F79EFBC}") = "ShopNC.Web", "ShopNC.Web\ShopNC.Web.csproj", "{A2F5FA96-2192-4964-B8FE-BAD0CCAA62C0}"
	ProjectSection(ProjectDependencies) = postProject
		{BBC3B163-B380-4105-B414-87548A756E5D} = {BBC3B163-B380-4105-B414-87548A756E5D}
		{68566E76-77D9-4BC1-B306-8EA1D8E247CA} = {68566E76-77D9-4BC1-B306-8EA1D8E247CA}
		{C58EFAD2-B203-4CD0-A4E6-7081CF3508F3} = {C58EFAD2-B203-4CD0-A4E6-7081CF3508F3}
		{4680D8D5-B3E4-4C5B-9F70-CF24B8CBCAD6} = {4680D8D5-B3E4-4C5B-9F70-CF24B8CBCAD6}
		{92A2CFED-4342-43C0-9ACE-A6855B818F78} = {92A2CFED-4342-43C0-9ACE-A6855B818F78}
	EndProjectSection
EndProject
Global
	GlobalSection(SolutionConfigurationPlatforms) = preSolution
		Debug|Any CPU = Debug|Any CPU
		Release|Any CPU = Release|Any CPU
	EndGlobalSection
	GlobalSection(ProjectConfigurationPlatforms) = postSolution
		{4680D8D5-B3E4-4C5B-9F70-CF24B8CBCAD6}.Debug|Any CPU.ActiveCfg = Debug|Any CPU
		{4680D8D5-B3E4-4C5B-9F70-CF24B8CBCAD6}.Debug|Any CPU.Build.0 = Debug|Any CPU
		{4680D8D5-B3E4-4C5B-9F70-CF24B8CBCAD6}.Release|Any CPU.ActiveCfg = Release|Any CPU
		{4680D8D5-B3E4-4C5B-9F70-CF24B8CBCAD6}.Release|Any CPU.Build.0 = Release|Any CPU
		{7B75121A-B3A1-4D83-97AC-744A6C870D54}.Debug|Any CPU.ActiveCfg = Debug|Any CPU
		{7B75121A-B3A1-4D83-97AC-744A6C870D54}.Debug|Any CPU.Build.0 = Debug|Any CPU
		{7B75121A-B3A1-4D83-97AC-744A6C870D54}.Release|Any CPU.ActiveCfg = Release|Any CPU
		{7B75121A-B3A1-4D83-97AC-744A6C870D54}.Release|Any CPU.Build.0 = Release|Any CPU
		{92A2CFED-4342-43C0-9ACE-A6855B818F78}.Debug|Any CPU.ActiveCfg = Debug|Any CPU
		{92A2CFED-4342-43C0-9ACE-A6855B818F78}.Debug|Any CPU.Build.0 = Debug|Any CPU
		{92A2CFED-4342-43C0-9ACE-A6855B818F78}.Release|Any CPU.ActiveCfg = Release|Any CPU
		{92A2CFED-4342-43C0-9ACE-A6855B818F78}.Release|Any CPU.Build.0 = Release|Any CPU
		{B6C16C34-E489-45B8-8A7A-BA4CC8610664}.Debug|Any CPU.ActiveCfg = Debug|Any CPU
		{B6C16C34-E489-45B8-8A7A-BA4CC8610664}.Debug|Any CPU.Build.0 = Debug|Any CPU
		{B6C16C34-E489-45B8-8A7A-BA4CC8610664}.Release|Any CPU.ActiveCfg = Release|Any CPU
		{B6C16C34-E489-45B8-8A7A-BA4CC8610664}.Release|Any CPU.Build.0 = Release|Any CPU
		{BBC3B163-B380-4105-B414-87548A756E5D}.Debug|Any CPU.ActiveCfg = Debug|Any CPU
		{BBC3B163-B380-4105-B414-87548A756E5D}.Debug|Any CPU.Build.0 = Debug|Any CPU
		{BBC3B163-B380-4105-B414-87548A756E5D}.Release|Any CPU.ActiveCfg = Release|Any CPU
		{BBC3B163-B380-4105-B414-87548A756E5D}.Release|Any CPU.Build.0 = Release|Any CPU
		{C58EFAD2-B203-4CD0-A4E6-7081CF3508F3}.Debug|Any CPU.ActiveCfg = Debug|Any CPU
		{C58EFAD2-B203-4CD0-A4E6-7081CF3508F3}.Debug|Any CPU.Build.0 = Debug|Any CPU
		{C58EFAD2-B203-4CD0-A4E6-7081CF3508F3}.Release|Any CPU.ActiveCfg = Release|Any CPU
		{C58EFAD2-B203-4CD0-A4E6-7081CF3508F3}.Release|Any CPU.Build.0 = Release|Any CPU
		{6D124F33-A349-4436-9EA4-E0BF766BF83B}.Debug|Any CPU.ActiveCfg = Debug|Any CPU
		{6D124F33-A349-4436-9EA4-E0BF766BF83B}.Debug|Any CPU.Build.0 = Debug|Any CPU
		{6D124F33-A349-4436-9EA4-E0BF766BF83B}.Release|Any CPU.ActiveCfg = Release|Any CPU
		{6D124F33-A349-4436-9EA4-E0BF766BF83B}.Release|Any CPU.Build.0 = Release|Any CPU
		{1ABDB460-C989-4495-AAAF-8CC4FFB96A49}.Debug|Any CPU.ActiveCfg = Debug|Any CPU
		{1ABDB460-C989-4495-AAAF-8CC4FFB96A49}.Debug|Any CPU.Build.0 = Debug|Any CPU
		{1ABDB460-C989-4495-AAAF-8CC4FFB96A49}.Release|Any CPU.ActiveCfg = Release|Any CPU
		{1ABDB460-C989-4495-AAAF-8CC4FFB96A49}.Release|Any CPU.Build.0 = Release|Any CPU
		{68566E76-77D9-4BC1-B306-8EA1D8E247CA}.Debug|Any CPU.ActiveCfg = Debug|Any CPU
		{68566E76-77D9-4BC1-B306-8EA1D8E247CA}.Debug|Any CPU.Build.0 = Debug|Any CPU
		{68566E76-77D9-4BC1-B306-8EA1D8E247CA}.Release|Any CPU.ActiveCfg = Release|Any CPU
		{68566E76-77D9-4BC1-B306-8EA1D8E247CA}.Release|Any CPU.Build.0 = Release|Any CPU
		{9B9062AC-02E0-4A02-BC43-B028E7540515}.Debug|Any CPU.ActiveCfg = Debug|Any CPU
		{9B9062AC-02E0-4A02-BC43-B028E7540515}.Debug|Any CPU.Build.0 = Debug|Any CPU
		{9B9062AC-02E0-4A02-BC43-B028E7540515}.Release|Any CPU.ActiveCfg = Release|Any CPU
		{9B9062AC-02E0-4A02-BC43-B028E7540515}.Release|Any CPU.Build.0 = Release|Any CPU
		{A2F5FA96-2192-4964-B8FE-BAD0CCAA62C0}.Debug|Any CPU.ActiveCfg = Debug|Any CPU
		{A2F5FA96-2192-4964-B8FE-BAD0CCAA62C0}.Debug|Any CPU.Build.0 = Debug|Any CPU
		{A2F5FA96-2192-4964-B8FE-BAD0CCAA62C0}.Release|Any CPU.ActiveCfg = Release|Any CPU
		{A2F5FA96-2192-4964-B8FE-BAD0CCAA62C0}.Release|Any CPU.Build.0 = Release|Any CPU
	EndGlobalSection
	GlobalSection(SolutionProperties) = preSolution
		HideSolutionNode = FALSE
	EndGlobalSection
	GlobalSection(NestedProjects) = preSolution
		{B6C16C34-E489-45B8-8A7A-BA4CC8610664} = {DE1D3D40-BF23-48DF-80AC-4515BB11105D}
		{BBC3B163-B380-4105-B414-87548A756E5D} = {DE1D3D40-BF23-48DF-80AC-4515BB11105D}
		{4680D8D5-B3E4-4C5B-9F70-CF24B8CBCAD6} = {8059693A-BC64-45BA-86BE-E5434678B511}
		{7B75121A-B3A1-4D83-97AC-744A6C870D54} = {8059693A-BC64-45BA-86BE-E5434678B511}
		{92A2CFED-4342-43C0-9ACE-A6855B818F78} = {8059693A-BC64-45BA-86BE-E5434678B511}
		{C58EFAD2-B203-4CD0-A4E6-7081CF3508F3} = {8059693A-BC64-45BA-86BE-E5434678B511}
		{68566E76-77D9-4BC1-B306-8EA1D8E247CA} = {8059693A-BC64-45BA-86BE-E5434678B511}
		{6D124F33-A349-4436-9EA4-E0BF766BF83B} = {EE4B5EC1-5E57-4A57-A682-E0A7EA3BFBF1}
		{1ABDB460-C989-4495-AAAF-8CC4FFB96A49} = {EE4B5EC1-5E57-4A57-A682-E0A7EA3BFBF1}
		{9B9062AC-02E0-4A02-BC43-B028E7540515} = {EE4B5EC1-5E57-4A57-A682-E0A7EA3BFBF1}
	EndGlobalSection
EndGlobal
